
Microsoft Visual Studio Solution File, Format Version 12.00
# Visual Studio Version 17
VisualStudioVersion = 17.2.32630.192
MinimumVisualStudioVersion = 10.0.40219.1
Project("{9A19103F-16F7-4668-BE54-9A1E7A4F7556}") = "R5T.O0030.Construction", "R5T.O0030.Construction\R5T.O0030.Construction.csproj", "{E065F535-9C1C-4E88-851B-8FF78FF00FF7}"
EndProject
Project("{9A19103F-16F7-4668-BE54-9A1E7A4F7556}") = "R5T.O0030", "R5T.O0030\R5T.O0030.csproj", "{21A2F061-014F-431F-B74E-6E83BA1C7EF9}"
EndProject
Project("{9A19103F-16F7-4668-BE54-9A1E7A4F7556}") = "R5T.O0030.O000", "R5T.O0030.O000\R5T.O0030.O000.csproj", "{43EA2603-C33C-41BE-A864-E75BE79F4857}"
EndProject
Project("{2150E333-8FDC-42A3-9474-1A3956D46DE8}") = "_Dependencies", "_Dependencies", "{7555E610-5E3E-436A-9B8E-DDDF23F267C1}"
EndProject
Project("{9A19103F-16F7-4668-BE54-9A1E7A4F7556}") = "R5T.F0000", "..\..\R5T.F0000\source\R5T.F0000\R5T.F0000.csproj", "{8583D3F9-F146-4DA2-B684-A6E975AB2B5E}"
EndProject
Project("{9A19103F-16F7-4668-BE54-9A1E7A4F7556}") = "R5T.F0002", "..\..\R5T.F0002\source\R5T.F0002\R5T.F0002.csproj", "{86E413E3-A109-46CD-A85F-E5FA4FEFBCB1}"
EndProject
Project("{9A19103F-16F7-4668-BE54-9A1E7A4F7556}") = "R5T.F0059", "..\..\R5T.F0059\source\R5T.F0059\R5T.F0059.csproj", "{1668BAEB-6B77-41C7-8B86-4A1DF484E687}"
EndProject
Project("{9A19103F-16F7-4668-BE54-9A1E7A4F7556}") = "R5T.F0120", "..\..\R5T.F0120\source\R5T.F0120\R5T.F0120.csproj", "{F5CFE544-44B4-4415-813C-7A0D2D6EE6FC}"
EndProject
Project("{9A19103F-16F7-4668-BE54-9A1E7A4F7556}") = "R5T.F0124", "..\..\R5T.F0124\source\R5T.F0124\R5T.F0124.csproj", "{7D578E1D-6082-49B4-AF70-327745988662}"
EndProject
Project("{9A19103F-16F7-4668-BE54-9A1E7A4F7556}") = "R5T.F0125", "..\..\R5T.F0125\source\R5T.F0125\R5T.F0125.csproj", "{53E69AEA-8201-4273-A898-CBBECB4729A4}"
EndProject
Project("{9A19103F-16F7-4668-BE54-9A1E7A4F7556}") = "R5T.L0030.T000", "..\..\R5T.L0030\source\R5T.L0030.T000\R5T.L0030.T000.csproj", "{139D0B78-78BF-49E5-814B-A8828E5AD313}"
EndProject
Project("{9A19103F-16F7-4668-BE54-9A1E7A4F7556}") = "R5T.L0030", "..\..\R5T.L0030\source\R5T.L0030\R5T.L0030.csproj", "{B197449A-AD3C-43B9-BC21-01A7DB332B29}"
EndProject
Project("{9A19103F-16F7-4668-BE54-9A1E7A4F7556}") = "R5T.L0034", "..\..\R5T.L0034\source\R5T.L0034\R5T.L0034.csproj", "{4EB04F0F-2D72-4B64-AD6C-5E49B104F13D}"
EndProject
Project("{9A19103F-16F7-4668-BE54-9A1E7A4F7556}") = "R5T.L0035", "..\..\R5T.L0035\source\R5T.L0035\R5T.L0035.csproj", "{E5B50E27-DF8E-4E5D-AD10-4CCA1A397B00}"
EndProject
Project("{9A19103F-16F7-4668-BE54-9A1E7A4F7556}") = "R5T.L0053", "..\..\R5T.L0053\source\R5T.L0053\R5T.L0053.csproj", "{63E8EB76-C238-4C38-AF20-19E571B02CBB}"
EndProject
Project("{9A19103F-16F7-4668-BE54-9A1E7A4F7556}") = "R5T.L0056", "..\..\R5T.L0056\source\R5T.L0056\R5T.L0056.csproj", "{9E6C6AB4-AD3F-4774-A9F4-A6848374FC40}"
EndProject
Project("{9A19103F-16F7-4668-BE54-9A1E7A4F7556}") = "R5T.L0066", "..\..\R5T.L0066\source\R5T.L0066\R5T.L0066.csproj", "{9614D2CA-6B2A-4C65-84DA-E16C2D46E703}"
EndProject
Project("{9A19103F-16F7-4668-BE54-9A1E7A4F7556}") = "R5T.L0071", "..\..\R5T.L0071\source\R5T.L0071\R5T.L0071.csproj", "{2960A646-D6B1-4C42-9C27-F251078D1522}"
EndProject
Project("{9A19103F-16F7-4668-BE54-9A1E7A4F7556}") = "R5T.L0074", "..\..\R5T.L0074\source\R5T.L0074\R5T.L0074.csproj", "{33E2DD0A-092C-4534-9BD1-A783375D4FA8}"
EndProject
Project("{9A19103F-16F7-4668-BE54-9A1E7A4F7556}") = "R5T.NG0006", "..\..\R5T.NG0006\source\R5T.NG0006\R5T.NG0006.csproj", "{739E25C5-A565-4CB5-AC90-B3B9F58D262C}"
EndProject
Project("{9A19103F-16F7-4668-BE54-9A1E7A4F7556}") = "R5T.NG0022", "..\..\R5T.NG0022\source\R5T.NG0022\R5T.NG0022.csproj", "{79322058-E81B-4780-841A-8FE066BB4564}"
EndProject
Project("{9A19103F-16F7-4668-BE54-9A1E7A4F7556}") = "R5T.T0131", "..\..\R5T.T0131\source\R5T.T0131\R5T.T0131.csproj", "{01C0EA32-C385-4499-B0A0-307B4D9D67BE}"
EndProject
Project("{9A19103F-16F7-4668-BE54-9A1E7A4F7556}") = "R5T.T0132", "..\..\R5T.T0132\source\R5T.T0132\R5T.T0132.csproj", "{9FF18D6E-37DE-4638-B847-1B1C622F1276}"
EndProject
Project("{9A19103F-16F7-4668-BE54-9A1E7A4F7556}") = "R5T.T0142", "..\..\R5T.T0142\source\R5T.T0142\R5T.T0142.csproj", "{97DF6B31-8169-4505-8E90-709171028151}"
EndProject
Project("{9A19103F-16F7-4668-BE54-9A1E7A4F7556}") = "R5T.T0143", "..\..\R5T.T0143\source\R5T.T0143\R5T.T0143.csproj", "{A36893C1-8559-49B9-A0FD-20AA71940F89}"
EndProject
Project("{9A19103F-16F7-4668-BE54-9A1E7A4F7556}") = "R5T.T0150", "..\..\R5T.T0150\source\R5T.T0150\R5T.T0150.csproj", "{B2DD7533-E94C-4606-9C99-F4EF439E8C30}"
EndProject
Project("{9A19103F-16F7-4668-BE54-9A1E7A4F7556}") = "R5T.T0151", "..\..\R5T.T0151\source\R5T.T0151\R5T.T0151.csproj", "{D77F61D2-2941-4D94-A3CC-43CB357A0ED8}"
EndProject
Project("{9A19103F-16F7-4668-BE54-9A1E7A4F7556}") = "R5T.T0156", "..\..\R5T.T0156\source\R5T.T0156\R5T.T0156.csproj", "{230E2331-D401-4A92-A28D-742C7A7FDEC2}"
EndProject
Project("{9A19103F-16F7-4668-BE54-9A1E7A4F7556}") = "R5T.T0158", "..\..\R5T.T0158\source\R5T.T0158\R5T.T0158.csproj", "{1EB0E7CE-9D82-4734-AFC0-12CC364ACB99}"
EndProject
Project("{9A19103F-16F7-4668-BE54-9A1E7A4F7556}") = "R5T.T0159", "..\..\R5T.T0159\source\R5T.T0159\R5T.T0159.csproj", "{DC48E1A9-E306-417E-89C4-8A60EBEA7B8F}"
EndProject
Project("{9A19103F-16F7-4668-BE54-9A1E7A4F7556}") = "R5T.T0172", "..\..\R5T.T0172\source\R5T.T0172\R5T.T0172.csproj", "{A601FAB1-1CE0-48F3-B2ED-F921BED9C7DC}"
EndProject
Project("{9A19103F-16F7-4668-BE54-9A1E7A4F7556}") = "R5T.T0174", "..\..\R5T.T0174\source\R5T.T0174\R5T.T0174.csproj", "{0CBC1AC3-D34A-4EEB-8974-D4B661F9AB2A}"
EndProject
Project("{9A19103F-16F7-4668-BE54-9A1E7A4F7556}") = "R5T.T0176", "..\..\R5T.T0176\source\R5T.T0176\R5T.T0176.csproj", "{AC5DB612-6DC3-466B-A49A-46BDB4C3B9A4}"
EndProject
Project("{9A19103F-16F7-4668-BE54-9A1E7A4F7556}") = "R5T.T0177", "..\..\R5T.T0177\source\R5T.T0177\R5T.T0177.csproj", "{255FE5CE-B713-40F4-8A21-14047B47CDD1}"
EndProject
Project("{9A19103F-16F7-4668-BE54-9A1E7A4F7556}") = "R5T.T0178", "..\..\R5T.T0178\source\R5T.T0178\R5T.T0178.csproj", "{90BDB530-F893-4DFD-807D-B025513D50E7}"
EndProject
Project("{9A19103F-16F7-4668-BE54-9A1E7A4F7556}") = "R5T.T0179", "..\..\R5T.T0179\source\R5T.T0179\R5T.T0179.csproj", "{122FE5CD-ED2F-42DF-B98B-2438CAF1200B}"
EndProject
Project("{9A19103F-16F7-4668-BE54-9A1E7A4F7556}") = "R5T.T0180", "..\..\R5T.T0180\source\R5T.T0180\R5T.T0180.csproj", "{D18D7449-3DBA-48BF-8E42-EFB765D6940C}"
EndProject
Project("{9A19103F-16F7-4668-BE54-9A1E7A4F7556}") = "R5T.T0181", "..\..\R5T.T0181\source\R5T.T0181\R5T.T0181.csproj", "{813F75F7-2EE8-4035-B608-473BA210E0FC}"
EndProject
Project("{9A19103F-16F7-4668-BE54-9A1E7A4F7556}") = "R5T.T0185", "..\..\R5T.T0185\source\R5T.T0185\R5T.T0185.csproj", "{8F6FE35B-6EEA-4894-BD78-F954DCA8C1AB}"
EndProject
Project("{9A19103F-16F7-4668-BE54-9A1E7A4F7556}") = "R5T.T0199.T000", "..\..\R5T.T0199\source\R5T.T0199.T000\R5T.T0199.T000.csproj", "{86AA8F6D-6250-44B4-8DAD-15841142C690}"
EndProject
Project("{9A19103F-16F7-4668-BE54-9A1E7A4F7556}") = "R5T.T0199.T001", "..\..\R5T.T0199\source\R5T.T0199.T001\R5T.T0199.T001.csproj", "{75A795E9-C42D-4F6D-83BC-570CD526E813}"
EndProject
Project("{9A19103F-16F7-4668-BE54-9A1E7A4F7556}") = "R5T.T0199", "..\..\R5T.T0199\source\R5T.T0199\R5T.T0199.csproj", "{E4EA6D2F-DEEC-4B4F-BF7D-DE079DA83C2D}"
EndProject
Project("{9A19103F-16F7-4668-BE54-9A1E7A4F7556}") = "R5T.T0203", "..\..\R5T.T0203\source\R5T.T0203\R5T.T0203.csproj", "{87379999-5970-474E-9F74-06319DA5856E}"
EndProject
Project("{9A19103F-16F7-4668-BE54-9A1E7A4F7556}") = "R5T.T0213", "..\..\R5T.T0213\source\R5T.T0213\R5T.T0213.csproj", "{E1A57072-D6EB-4864-B639-982246E1118D}"
EndProject
Project("{9A19103F-16F7-4668-BE54-9A1E7A4F7556}") = "R5T.T0218", "..\..\R5T.T0218\source\R5T.T0218\R5T.T0218.csproj", "{D34854C2-19B8-4BDF-8388-77B557FB8CF9}"
EndProject
Project("{9A19103F-16F7-4668-BE54-9A1E7A4F7556}") = "R5T.T0219", "..\..\R5T.T0219\source\R5T.T0219\R5T.T0219.csproj", "{CF2D19B5-739D-450D-A23E-6B1E4A0DD065}"
EndProject
Project("{9A19103F-16F7-4668-BE54-9A1E7A4F7556}") = "R5T.T0220", "..\..\R5T.T0220\source\R5T.T0220\R5T.T0220.csproj", "{A16AD8F8-E513-409E-AFBB-037140208989}"
EndProject
Project("{9A19103F-16F7-4668-BE54-9A1E7A4F7556}") = "R5T.T0221", "..\..\R5T.T0221\source\R5T.T0221\R5T.T0221.csproj", "{0E635ADC-CEF0-4728-95FF-FBC70441F9FA}"
EndProject
Project("{9A19103F-16F7-4668-BE54-9A1E7A4F7556}") = "R5T.T0227", "..\..\R5T.T0227\source\R5T.T0227\R5T.T0227.csproj", "{56C39398-B178-403F-BCA0-887D92BE7527}"
EndProject
Project("{9A19103F-16F7-4668-BE54-9A1E7A4F7556}") = "R5T.Y0000", "..\..\R5T.Y0000\source\R5T.Y0000\R5T.Y0000.csproj", "{E9A8AF82-1F6F-4B9B-A8FF-64AD3FF680E9}"
EndProject
Project("{9A19103F-16F7-4668-BE54-9A1E7A4F7556}") = "R5T.Y0006", "..\..\R5T.Y0006\source\R5T.Y0006\R5T.Y0006.csproj", "{AEE1751A-02F6-4517-BCEB-9B1ADE04285E}"
EndProject
Project("{9A19103F-16F7-4668-BE54-9A1E7A4F7556}") = "R5T.Z0000", "..\..\R5T.Z0000\source\R5T.Z0000\R5T.Z0000.csproj", "{C45DCBC1-872B-4431-B84F-C184EF38F42A}"
EndProject
Project("{9A19103F-16F7-4668-BE54-9A1E7A4F7556}") = "R5T.Z0010.Platform", "..\..\R5T.Z0010\source\R5T.Z0010.Platform\R5T.Z0010.Platform.csproj", "{26478108-D498-46AB-A435-F55B71ADF260}"
EndProject
Project("{9A19103F-16F7-4668-BE54-9A1E7A4F7556}") = "R5T.Z0010", "..\..\R5T.Z0010\source\R5T.Z0010\R5T.Z0010.csproj", "{5D7672C7-7D61-455B-A5A5-E62453D95BAE}"
EndProject
Project("{9A19103F-16F7-4668-BE54-9A1E7A4F7556}") = "R5T.Z0057.Platform", "..\..\R5T.Z0057\source\R5T.Z0057.Platform\R5T.Z0057.Platform.csproj", "{3557129A-FACE-40B8-9847-64E46E1F9BCC}"
EndProject
Project("{9A19103F-16F7-4668-BE54-9A1E7A4F7556}") = "R5T.Z0057", "..\..\R5T.Z0057\source\R5T.Z0057\R5T.Z0057.csproj", "{238BF793-5894-44EC-93EB-4CA2DCC8A0B2}"
EndProject
Project("{9A19103F-16F7-4668-BE54-9A1E7A4F7556}") = "R5T.Z0058", "..\..\R5T.Z0058\source\R5T.Z0058\R5T.Z0058.csproj", "{FD802844-056E-4689-93AF-62A3F623501B}"
EndProject
Project("{9A19103F-16F7-4668-BE54-9A1E7A4F7556}") = "R5T.T0234", "..\..\R5T.T0234\source\R5T.T0234\R5T.T0234.csproj", "{D376FDF2-7031-402A-8CE3-76548A78DA87}"
EndProject
Global
	GlobalSection(NestedProjects) = preSolution
		{8583D3F9-F146-4DA2-B684-A6E975AB2B5E} = {7555E610-5E3E-436A-9B8E-DDDF23F267C1}
		{86E413E3-A109-46CD-A85F-E5FA4FEFBCB1} = {7555E610-5E3E-436A-9B8E-DDDF23F267C1}
		{1668BAEB-6B77-41C7-8B86-4A1DF484E687} = {7555E610-5E3E-436A-9B8E-DDDF23F267C1}
		{F5CFE544-44B4-4415-813C-7A0D2D6EE6FC} = {7555E610-5E3E-436A-9B8E-DDDF23F267C1}
		{7D578E1D-6082-49B4-AF70-327745988662} = {7555E610-5E3E-436A-9B8E-DDDF23F267C1}
		{53E69AEA-8201-4273-A898-CBBECB4729A4} = {7555E610-5E3E-436A-9B8E-DDDF23F267C1}
		{139D0B78-78BF-49E5-814B-A8828E5AD313} = {7555E610-5E3E-436A-9B8E-DDDF23F267C1}
		{B197449A-AD3C-43B9-BC21-01A7DB332B29} = {7555E610-5E3E-436A-9B8E-DDDF23F267C1}
		{4EB04F0F-2D72-4B64-AD6C-5E49B104F13D} = {7555E610-5E3E-436A-9B8E-DDDF23F267C1}
		{E5B50E27-DF8E-4E5D-AD10-4CCA1A397B00} = {7555E610-5E3E-436A-9B8E-DDDF23F267C1}
		{63E8EB76-C238-4C38-AF20-19E571B02CBB} = {7555E610-5E3E-436A-9B8E-DDDF23F267C1}
		{9E6C6AB4-AD3F-4774-A9F4-A6848374FC40} = {7555E610-5E3E-436A-9B8E-DDDF23F267C1}
		{9614D2CA-6B2A-4C65-84DA-E16C2D46E703} = {7555E610-5E3E-436A-9B8E-DDDF23F267C1}
		{2960A646-D6B1-4C42-9C27-F251078D1522} = {7555E610-5E3E-436A-9B8E-DDDF23F267C1}
		{33E2DD0A-092C-4534-9BD1-A783375D4FA8} = {7555E610-5E3E-436A-9B8E-DDDF23F267C1}
		{739E25C5-A565-4CB5-AC90-B3B9F58D262C} = {7555E610-5E3E-436A-9B8E-DDDF23F267C1}
		{79322058-E81B-4780-841A-8FE066BB4564} = {7555E610-5E3E-436A-9B8E-DDDF23F267C1}
		{01C0EA32-C385-4499-B0A0-307B4D9D67BE} = {7555E610-5E3E-436A-9B8E-DDDF23F267C1}
		{9FF18D6E-37DE-4638-B847-1B1C622F1276} = {7555E610-5E3E-436A-9B8E-DDDF23F267C1}
		{97DF6B31-8169-4505-8E90-709171028151} = {7555E610-5E3E-436A-9B8E-DDDF23F267C1}
		{A36893C1-8559-49B9-A0FD-20AA71940F89} = {7555E610-5E3E-436A-9B8E-DDDF23F267C1}
		{B2DD7533-E94C-4606-9C99-F4EF439E8C30} = {7555E610-5E3E-436A-9B8E-DDDF23F267C1}
		{D77F61D2-2941-4D94-A3CC-43CB357A0ED8} = {7555E610-5E3E-436A-9B8E-DDDF23F267C1}
		{230E2331-D401-4A92-A28D-742C7A7FDEC2} = {7555E610-5E3E-436A-9B8E-DDDF23F267C1}
		{1EB0E7CE-9D82-4734-AFC0-12CC364ACB99} = {7555E610-5E3E-436A-9B8E-DDDF23F267C1}
		{DC48E1A9-E306-417E-89C4-8A60EBEA7B8F} = {7555E610-5E3E-436A-9B8E-DDDF23F267C1}
		{A601FAB1-1CE0-48F3-B2ED-F921BED9C7DC} = {7555E610-5E3E-436A-9B8E-DDDF23F267C1}
		{0CBC1AC3-D34A-4EEB-8974-D4B661F9AB2A} = {7555E610-5E3E-436A-9B8E-DDDF23F267C1}
		{AC5DB612-6DC3-466B-A49A-46BDB4C3B9A4} = {7555E610-5E3E-436A-9B8E-DDDF23F267C1}
		{255FE5CE-B713-40F4-8A21-14047B47CDD1} = {7555E610-5E3E-436A-9B8E-DDDF23F267C1}
		{90BDB530-F893-4DFD-807D-B025513D50E7} = {7555E610-5E3E-436A-9B8E-DDDF23F267C1}
		{122FE5CD-ED2F-42DF-B98B-2438CAF1200B} = {7555E610-5E3E-436A-9B8E-DDDF23F267C1}
		{D18D7449-3DBA-48BF-8E42-EFB765D6940C} = {7555E610-5E3E-436A-9B8E-DDDF23F267C1}
		{813F75F7-2EE8-4035-B608-473BA210E0FC} = {7555E610-5E3E-436A-9B8E-DDDF23F267C1}
		{8F6FE35B-6EEA-4894-BD78-F954DCA8C1AB} = {7555E610-5E3E-436A-9B8E-DDDF23F267C1}
		{86AA8F6D-6250-44B4-8DAD-15841142C690} = {7555E610-5E3E-436A-9B8E-DDDF23F267C1}
		{75A795E9-C42D-4F6D-83BC-570CD526E813} = {7555E610-5E3E-436A-9B8E-DDDF23F267C1}
		{E4EA6D2F-DEEC-4B4F-BF7D-DE079DA83C2D} = {7555E610-5E3E-436A-9B8E-DDDF23F267C1}
		{87379999-5970-474E-9F74-06319DA5856E} = {7555E610-5E3E-436A-9B8E-DDDF23F267C1}
		{E1A57072-D6EB-4864-B639-982246E1118D} = {7555E610-5E3E-436A-9B8E-DDDF23F267C1}
		{D34854C2-19B8-4BDF-8388-77B557FB8CF9} = {7555E610-5E3E-436A-9B8E-DDDF23F267C1}
		{CF2D19B5-739D-450D-A23E-6B1E4A0DD065} = {7555E610-5E3E-436A-9B8E-DDDF23F267C1}
		{A16AD8F8-E513-409E-AFBB-037140208989} = {7555E610-5E3E-436A-9B8E-DDDF23F267C1}
		{0E635ADC-CEF0-4728-95FF-FBC70441F9FA} = {7555E610-5E3E-436A-9B8E-DDDF23F267C1}
		{56C39398-B178-403F-BCA0-887D92BE7527} = {7555E610-5E3E-436A-9B8E-DDDF23F267C1}
		{E9A8AF82-1F6F-4B9B-A8FF-64AD3FF680E9} = {7555E610-5E3E-436A-9B8E-DDDF23F267C1}
		{AEE1751A-02F6-4517-BCEB-9B1ADE04285E} = {7555E610-5E3E-436A-9B8E-DDDF23F267C1}
		{C45DCBC1-872B-4431-B84F-C184EF38F42A} = {7555E610-5E3E-436A-9B8E-DDDF23F267C1}
		{26478108-D498-46AB-A435-F55B71ADF260} = {7555E610-5E3E-436A-9B8E-DDDF23F267C1}
		{5D7672C7-7D61-455B-A5A5-E62453D95BAE} = {7555E610-5E3E-436A-9B8E-DDDF23F267C1}
		{3557129A-FACE-40B8-9847-64E46E1F9BCC} = {7555E610-5E3E-436A-9B8E-DDDF23F267C1}
		{238BF793-5894-44EC-93EB-4CA2DCC8A0B2} = {7555E610-5E3E-436A-9B8E-DDDF23F267C1}
		{FD802844-056E-4689-93AF-62A3F623501B} = {7555E610-5E3E-436A-9B8E-DDDF23F267C1}
		{D376FDF2-7031-402A-8CE3-76548A78DA87} = {7555E610-5E3E-436A-9B8E-DDDF23F267C1}
	EndGlobalSection
	GlobalSection(SolutionConfigurationPlatforms) = preSolution
		Debug|Any CPU = Debug|Any CPU
		Release|Any CPU = Release|Any CPU
	EndGlobalSection
	GlobalSection(ProjectConfigurationPlatforms) = postSolution
		{E065F535-9C1C-4E88-851B-8FF78FF00FF7}.Debug|Any CPU.ActiveCfg = Debug|Any CPU
		{E065F535-9C1C-4E88-851B-8FF78FF00FF7}.Debug|Any CPU.Build.0 = Debug|Any CPU
		{E065F535-9C1C-4E88-851B-8FF78FF00FF7}.Release|Any CPU.ActiveCfg = Release|Any CPU
		{E065F535-9C1C-4E88-851B-8FF78FF00FF7}.Release|Any CPU.Build.0 = Release|Any CPU
		{21A2F061-014F-431F-B74E-6E83BA1C7EF9}.Debug|Any CPU.ActiveCfg = Debug|Any CPU
		{21A2F061-014F-431F-B74E-6E83BA1C7EF9}.Debug|Any CPU.Build.0 = Debug|Any CPU
		{21A2F061-014F-431F-B74E-6E83BA1C7EF9}.Release|Any CPU.ActiveCfg = Release|Any CPU
		{21A2F061-014F-431F-B74E-6E83BA1C7EF9}.Release|Any CPU.Build.0 = Release|Any CPU
		{43EA2603-C33C-41BE-A864-E75BE79F4857}.Debug|Any CPU.ActiveCfg = Debug|Any CPU
		{43EA2603-C33C-41BE-A864-E75BE79F4857}.Debug|Any CPU.Build.0 = Debug|Any CPU
		{43EA2603-C33C-41BE-A864-E75BE79F4857}.Release|Any CPU.ActiveCfg = Release|Any CPU
		{43EA2603-C33C-41BE-A864-E75BE79F4857}.Release|Any CPU.Build.0 = Release|Any CPU
		{8583D3F9-F146-4DA2-B684-A6E975AB2B5E}.Debug|Any CPU.ActiveCfg = Debug|Any CPU
		{8583D3F9-F146-4DA2-B684-A6E975AB2B5E}.Debug|Any CPU.Build.0 = Debug|Any CPU
		{8583D3F9-F146-4DA2-B684-A6E975AB2B5E}.Release|Any CPU.ActiveCfg = Release|Any CPU
		{8583D3F9-F146-4DA2-B684-A6E975AB2B5E}.Release|Any CPU.Build.0 = Release|Any CPU
		{86E413E3-A109-46CD-A85F-E5FA4FEFBCB1}.Debug|Any CPU.ActiveCfg = Debug|Any CPU
		{86E413E3-A109-46CD-A85F-E5FA4FEFBCB1}.Debug|Any CPU.Build.0 = Debug|Any CPU
		{86E413E3-A109-46CD-A85F-E5FA4FEFBCB1}.Release|Any CPU.ActiveCfg = Release|Any CPU
		{86E413E3-A109-46CD-A85F-E5FA4FEFBCB1}.Release|Any CPU.Build.0 = Release|Any CPU
		{1668BAEB-6B77-41C7-8B86-4A1DF484E687}.Debug|Any CPU.ActiveCfg = Debug|Any CPU
		{1668BAEB-6B77-41C7-8B86-4A1DF484E687}.Debug|Any CPU.Build.0 = Debug|Any CPU
		{1668BAEB-6B77-41C7-8B86-4A1DF484E687}.Release|Any CPU.ActiveCfg = Release|Any CPU
		{1668BAEB-6B77-41C7-8B86-4A1DF484E687}.Release|Any CPU.Build.0 = Release|Any CPU
		{F5CFE544-44B4-4415-813C-7A0D2D6EE6FC}.Debug|Any CPU.ActiveCfg = Debug|Any CPU
		{F5CFE544-44B4-4415-813C-7A0D2D6EE6FC}.Debug|Any CPU.Build.0 = Debug|Any CPU
		{F5CFE544-44B4-4415-813C-7A0D2D6EE6FC}.Release|Any CPU.ActiveCfg = Release|Any CPU
		{F5CFE544-44B4-4415-813C-7A0D2D6EE6FC}.Release|Any CPU.Build.0 = Release|Any CPU
		{7D578E1D-6082-49B4-AF70-327745988662}.Debug|Any CPU.ActiveCfg = Debug|Any CPU
		{7D578E1D-6082-49B4-AF70-327745988662}.Debug|Any CPU.Build.0 = Debug|Any CPU
		{7D578E1D-6082-49B4-AF70-327745988662}.Release|Any CPU.ActiveCfg = Release|Any CPU
		{7D578E1D-6082-49B4-AF70-327745988662}.Release|Any CPU.Build.0 = Release|Any CPU
		{53E69AEA-8201-4273-A898-CBBECB4729A4}.Debug|Any CPU.ActiveCfg = Debug|Any CPU
		{53E69AEA-8201-4273-A898-CBBECB4729A4}.Debug|Any CPU.Build.0 = Debug|Any CPU
		{53E69AEA-8201-4273-A898-CBBECB4729A4}.Release|Any CPU.ActiveCfg = Release|Any CPU
		{53E69AEA-8201-4273-A898-CBBECB4729A4}.Release|Any CPU.Build.0 = Release|Any CPU
		{139D0B78-78BF-49E5-814B-A8828E5AD313}.Debug|Any CPU.ActiveCfg = Debug|Any CPU
		{139D0B78-78BF-49E5-814B-A8828E5AD313}.Debug|Any CPU.Build.0 = Debug|Any CPU
		{139D0B78-78BF-49E5-814B-A8828E5AD313}.Release|Any CPU.ActiveCfg = Release|Any CPU
		{139D0B78-78BF-49E5-814B-A8828E5AD313}.Release|Any CPU.Build.0 = Release|Any CPU
		{B197449A-AD3C-43B9-BC21-01A7DB332B29}.Debug|Any CPU.ActiveCfg = Debug|Any CPU
		{B197449A-AD3C-43B9-BC21-01A7DB332B29}.Debug|Any CPU.Build.0 = Debug|Any CPU
		{B197449A-AD3C-43B9-BC21-01A7DB332B29}.Release|Any CPU.ActiveCfg = Release|Any CPU
		{B197449A-AD3C-43B9-BC21-01A7DB332B29}.Release|Any CPU.Build.0 = Release|Any CPU
		{4EB04F0F-2D72-4B64-AD6C-5E49B104F13D}.Debug|Any CPU.ActiveCfg = Debug|Any CPU
		{4EB04F0F-2D72-4B64-AD6C-5E49B104F13D}.Debug|Any CPU.Build.0 = Debug|Any CPU
		{4EB04F0F-2D72-4B64-AD6C-5E49B104F13D}.Release|Any CPU.ActiveCfg = Release|Any CPU
		{4EB04F0F-2D72-4B64-AD6C-5E49B104F13D}.Release|Any CPU.Build.0 = Release|Any CPU
		{E5B50E27-DF8E-4E5D-AD10-4CCA1A397B00}.Debug|Any CPU.ActiveCfg = Debug|Any CPU
		{E5B50E27-DF8E-4E5D-AD10-4CCA1A397B00}.Debug|Any CPU.Build.0 = Debug|Any CPU
		{E5B50E27-DF8E-4E5D-AD10-4CCA1A397B00}.Release|Any CPU.ActiveCfg = Release|Any CPU
		{E5B50E27-DF8E-4E5D-AD10-4CCA1A397B00}.Release|Any CPU.Build.0 = Release|Any CPU
		{63E8EB76-C238-4C38-AF20-19E571B02CBB}.Debug|Any CPU.ActiveCfg = Debug|Any CPU
		{63E8EB76-C238-4C38-AF20-19E571B02CBB}.Debug|Any CPU.Build.0 = Debug|Any CPU
		{63E8EB76-C238-4C38-AF20-19E571B02CBB}.Release|Any CPU.ActiveCfg = Release|Any CPU
		{63E8EB76-C238-4C38-AF20-19E571B02CBB}.Release|Any CPU.Build.0 = Release|Any CPU
		{9E6C6AB4-AD3F-4774-A9F4-A6848374FC40}.Debug|Any CPU.ActiveCfg = Debug|Any CPU
		{9E6C6AB4-AD3F-4774-A9F4-A6848374FC40}.Debug|Any CPU.Build.0 = Debug|Any CPU
		{9E6C6AB4-AD3F-4774-A9F4-A6848374FC40}.Release|Any CPU.ActiveCfg = Release|Any CPU
		{9E6C6AB4-AD3F-4774-A9F4-A6848374FC40}.Release|Any CPU.Build.0 = Release|Any CPU
		{9614D2CA-6B2A-4C65-84DA-E16C2D46E703}.Debug|Any CPU.ActiveCfg = Debug|Any CPU
		{9614D2CA-6B2A-4C65-84DA-E16C2D46E703}.Debug|Any CPU.Build.0 = Debug|Any CPU
		{9614D2CA-6B2A-4C65-84DA-E16C2D46E703}.Release|Any CPU.ActiveCfg = Release|Any CPU
		{9614D2CA-6B2A-4C65-84DA-E16C2D46E703}.Release|Any CPU.Build.0 = Release|Any CPU
		{2960A646-D6B1-4C42-9C27-F251078D1522}.Debug|Any CPU.ActiveCfg = Debug|Any CPU
		{2960A646-D6B1-4C42-9C27-F251078D1522}.Debug|Any CPU.Build.0 = Debug|Any CPU
		{2960A646-D6B1-4C42-9C27-F251078D1522}.Release|Any CPU.ActiveCfg = Release|Any CPU
		{2960A646-D6B1-4C42-9C27-F251078D1522}.Release|Any CPU.Build.0 = Release|Any CPU
		{33E2DD0A-092C-4534-9BD1-A783375D4FA8}.Debug|Any CPU.ActiveCfg = Debug|Any CPU
		{33E2DD0A-092C-4534-9BD1-A783375D4FA8}.Debug|Any CPU.Build.0 = Debug|Any CPU
		{33E2DD0A-092C-4534-9BD1-A783375D4FA8}.Release|Any CPU.ActiveCfg = Release|Any CPU
		{33E2DD0A-092C-4534-9BD1-A783375D4FA8}.Release|Any CPU.Build.0 = Release|Any CPU
		{739E25C5-A565-4CB5-AC90-B3B9F58D262C}.Debug|Any CPU.ActiveCfg = Debug|Any CPU
		{739E25C5-A565-4CB5-AC90-B3B9F58D262C}.Debug|Any CPU.Build.0 = Debug|Any CPU
		{739E25C5-A565-4CB5-AC90-B3B9F58D262C}.Release|Any CPU.ActiveCfg = Release|Any CPU
		{739E25C5-A565-4CB5-AC90-B3B9F58D262C}.Release|Any CPU.Build.0 = Release|Any CPU
		{79322058-E81B-4780-841A-8FE066BB4564}.Debug|Any CPU.ActiveCfg = Debug|Any CPU
		{79322058-E81B-4780-841A-8FE066BB4564}.Debug|Any CPU.Build.0 = Debug|Any CPU
		{79322058-E81B-4780-841A-8FE066BB4564}.Release|Any CPU.ActiveCfg = Release|Any CPU
		{79322058-E81B-4780-841A-8FE066BB4564}.Release|Any CPU.Build.0 = Release|Any CPU
		{01C0EA32-C385-4499-B0A0-307B4D9D67BE}.Debug|Any CPU.ActiveCfg = Debug|Any CPU
		{01C0EA32-C385-4499-B0A0-307B4D9D67BE}.Debug|Any CPU.Build.0 = Debug|Any CPU
		{01C0EA32-C385-4499-B0A0-307B4D9D67BE}.Release|Any CPU.ActiveCfg = Release|Any CPU
		{01C0EA32-C385-4499-B0A0-307B4D9D67BE}.Release|Any CPU.Build.0 = Release|Any CPU
		{9FF18D6E-37DE-4638-B847-1B1C622F1276}.Debug|Any CPU.ActiveCfg = Debug|Any CPU
		{9FF18D6E-37DE-4638-B847-1B1C622F1276}.Debug|Any CPU.Build.0 = Debug|Any CPU
		{9FF18D6E-37DE-4638-B847-1B1C622F1276}.Release|Any CPU.ActiveCfg = Release|Any CPU
		{9FF18D6E-37DE-4638-B847-1B1C622F1276}.Release|Any CPU.Build.0 = Release|Any CPU
		{97DF6B31-8169-4505-8E90-709171028151}.Debug|Any CPU.ActiveCfg = Debug|Any CPU
		{97DF6B31-8169-4505-8E90-709171028151}.Debug|Any CPU.Build.0 = Debug|Any CPU
		{97DF6B31-8169-4505-8E90-709171028151}.Release|Any CPU.ActiveCfg = Release|Any CPU
		{97DF6B31-8169-4505-8E90-709171028151}.Release|Any CPU.Build.0 = Release|Any CPU
		{A36893C1-8559-49B9-A0FD-20AA71940F89}.Debug|Any CPU.ActiveCfg = Debug|Any CPU
		{A36893C1-8559-49B9-A0FD-20AA71940F89}.Debug|Any CPU.Build.0 = Debug|Any CPU
		{A36893C1-8559-49B9-A0FD-20AA71940F89}.Release|Any CPU.ActiveCfg = Release|Any CPU
		{A36893C1-8559-49B9-A0FD-20AA71940F89}.Release|Any CPU.Build.0 = Release|Any CPU
		{B2DD7533-E94C-4606-9C99-F4EF439E8C30}.Debug|Any CPU.ActiveCfg = Debug|Any CPU
		{B2DD7533-E94C-4606-9C99-F4EF439E8C30}.Debug|Any CPU.Build.0 = Debug|Any CPU
		{B2DD7533-E94C-4606-9C99-F4EF439E8C30}.Release|Any CPU.ActiveCfg = Release|Any CPU
		{B2DD7533-E94C-4606-9C99-F4EF439E8C30}.Release|Any CPU.Build.0 = Release|Any CPU
		{D77F61D2-2941-4D94-A3CC-43CB357A0ED8}.Debug|Any CPU.ActiveCfg = Debug|Any CPU
		{D77F61D2-2941-4D94-A3CC-43CB357A0ED8}.Debug|Any CPU.Build.0 = Debug|Any CPU
		{D77F61D2-2941-4D94-A3CC-43CB357A0ED8}.Release|Any CPU.ActiveCfg = Release|Any CPU
		{D77F61D2-2941-4D94-A3CC-43CB357A0ED8}.Release|Any CPU.Build.0 = Release|Any CPU
		{230E2331-D401-4A92-A28D-742C7A7FDEC2}.Debug|Any CPU.ActiveCfg = Debug|Any CPU
		{230E2331-D401-4A92-A28D-742C7A7FDEC2}.Debug|Any CPU.Build.0 = Debug|Any CPU
		{230E2331-D401-4A92-A28D-742C7A7FDEC2}.Release|Any CPU.ActiveCfg = Release|Any CPU
		{230E2331-D401-4A92-A28D-742C7A7FDEC2}.Release|Any CPU.Build.0 = Release|Any CPU
		{1EB0E7CE-9D82-4734-AFC0-12CC364ACB99}.Debug|Any CPU.ActiveCfg = Debug|Any CPU
		{1EB0E7CE-9D82-4734-AFC0-12CC364ACB99}.Debug|Any CPU.Build.0 = Debug|Any CPU
		{1EB0E7CE-9D82-4734-AFC0-12CC364ACB99}.Release|Any CPU.ActiveCfg = Release|Any CPU
		{1EB0E7CE-9D82-4734-AFC0-12CC364ACB99}.Release|Any CPU.Build.0 = Release|Any CPU
		{DC48E1A9-E306-417E-89C4-8A60EBEA7B8F}.Debug|Any CPU.ActiveCfg = Debug|Any CPU
		{DC48E1A9-E306-417E-89C4-8A60EBEA7B8F}.Debug|Any CPU.Build.0 = Debug|Any CPU
		{DC48E1A9-E306-417E-89C4-8A60EBEA7B8F}.Release|Any CPU.ActiveCfg = Release|Any CPU
		{DC48E1A9-E306-417E-89C4-8A60EBEA7B8F}.Release|Any CPU.Build.0 = Release|Any CPU
		{A601FAB1-1CE0-48F3-B2ED-F921BED9C7DC}.Debug|Any CPU.ActiveCfg = Debug|Any CPU
		{A601FAB1-1CE0-48F3-B2ED-F921BED9C7DC}.Debug|Any CPU.Build.0 = Debug|Any CPU
		{A601FAB1-1CE0-48F3-B2ED-F921BED9C7DC}.Release|Any CPU.ActiveCfg = Release|Any CPU
		{A601FAB1-1CE0-48F3-B2ED-F921BED9C7DC}.Release|Any CPU.Build.0 = Release|Any CPU
		{0CBC1AC3-D34A-4EEB-8974-D4B661F9AB2A}.Debug|Any CPU.ActiveCfg = Debug|Any CPU
		{0CBC1AC3-D34A-4EEB-8974-D4B661F9AB2A}.Debug|Any CPU.Build.0 = Debug|Any CPU
		{0CBC1AC3-D34A-4EEB-8974-D4B661F9AB2A}.Release|Any CPU.ActiveCfg = Release|Any CPU
		{0CBC1AC3-D34A-4EEB-8974-D4B661F9AB2A}.Release|Any CPU.Build.0 = Release|Any CPU
		{AC5DB612-6DC3-466B-A49A-46BDB4C3B9A4}.Debug|Any CPU.ActiveCfg = Debug|Any CPU
		{AC5DB612-6DC3-466B-A49A-46BDB4C3B9A4}.Debug|Any CPU.Build.0 = Debug|Any CPU
		{AC5DB612-6DC3-466B-A49A-46BDB4C3B9A4}.Release|Any CPU.ActiveCfg = Release|Any CPU
		{AC5DB612-6DC3-466B-A49A-46BDB4C3B9A4}.Release|Any CPU.Build.0 = Release|Any CPU
		{255FE5CE-B713-40F4-8A21-14047B47CDD1}.Debug|Any CPU.ActiveCfg = Debug|Any CPU
		{255FE5CE-B713-40F4-8A21-14047B47CDD1}.Debug|Any CPU.Build.0 = Debug|Any CPU
		{255FE5CE-B713-40F4-8A21-14047B47CDD1}.Release|Any CPU.ActiveCfg = Release|Any CPU
		{255FE5CE-B713-40F4-8A21-14047B47CDD1}.Release|Any CPU.Build.0 = Release|Any CPU
		{90BDB530-F893-4DFD-807D-B025513D50E7}.Debug|Any CPU.ActiveCfg = Debug|Any CPU
		{90BDB530-F893-4DFD-807D-B025513D50E7}.Debug|Any CPU.Build.0 = Debug|Any CPU
		{90BDB530-F893-4DFD-807D-B025513D50E7}.Release|Any CPU.ActiveCfg = Release|Any CPU
		{90BDB530-F893-4DFD-807D-B025513D50E7}.Release|Any CPU.Build.0 = Release|Any CPU
		{122FE5CD-ED2F-42DF-B98B-2438CAF1200B}.Debug|Any CPU.ActiveCfg = Debug|Any CPU
		{122FE5CD-ED2F-42DF-B98B-2438CAF1200B}.Debug|Any CPU.Build.0 = Debug|Any CPU
		{122FE5CD-ED2F-42DF-B98B-2438CAF1200B}.Release|Any CPU.ActiveCfg = Release|Any CPU
		{122FE5CD-ED2F-42DF-B98B-2438CAF1200B}.Release|Any CPU.Build.0 = Release|Any CPU
		{D18D7449-3DBA-48BF-8E42-EFB765D6940C}.Debug|Any CPU.ActiveCfg = Debug|Any CPU
		{D18D7449-3DBA-48BF-8E42-EFB765D6940C}.Debug|Any CPU.Build.0 = Debug|Any CPU
		{D18D7449-3DBA-48BF-8E42-EFB765D6940C}.Release|Any CPU.ActiveCfg = Release|Any CPU
		{D18D7449-3DBA-48BF-8E42-EFB765D6940C}.Release|Any CPU.Build.0 = Release|Any CPU
		{813F75F7-2EE8-4035-B608-473BA210E0FC}.Debug|Any CPU.ActiveCfg = Debug|Any CPU
		{813F75F7-2EE8-4035-B608-473BA210E0FC}.Debug|Any CPU.Build.0 = Debug|Any CPU
		{813F75F7-2EE8-4035-B608-473BA210E0FC}.Release|Any CPU.ActiveCfg = Release|Any CPU
		{813F75F7-2EE8-4035-B608-473BA210E0FC}.Release|Any CPU.Build.0 = Release|Any CPU
		{8F6FE35B-6EEA-4894-BD78-F954DCA8C1AB}.Debug|Any CPU.ActiveCfg = Debug|Any CPU
		{8F6FE35B-6EEA-4894-BD78-F954DCA8C1AB}.Debug|Any CPU.Build.0 = Debug|Any CPU
		{8F6FE35B-6EEA-4894-BD78-F954DCA8C1AB}.Release|Any CPU.ActiveCfg = Release|Any CPU
		{8F6FE35B-6EEA-4894-BD78-F954DCA8C1AB}.Release|Any CPU.Build.0 = Release|Any CPU
		{86AA8F6D-6250-44B4-8DAD-15841142C690}.Debug|Any CPU.ActiveCfg = Debug|Any CPU
		{86AA8F6D-6250-44B4-8DAD-15841142C690}.Debug|Any CPU.Build.0 = Debug|Any CPU
		{86AA8F6D-6250-44B4-8DAD-15841142C690}.Release|Any CPU.ActiveCfg = Release|Any CPU
		{86AA8F6D-6250-44B4-8DAD-15841142C690}.Release|Any CPU.Build.0 = Release|Any CPU
		{75A795E9-C42D-4F6D-83BC-570CD526E813}.Debug|Any CPU.ActiveCfg = Debug|Any CPU
		{75A795E9-C42D-4F6D-83BC-570CD526E813}.Debug|Any CPU.Build.0 = Debug|Any CPU
		{75A795E9-C42D-4F6D-83BC-570CD526E813}.Release|Any CPU.ActiveCfg = Release|Any CPU
		{75A795E9-C42D-4F6D-83BC-570CD526E813}.Release|Any CPU.Build.0 = Release|Any CPU
		{E4EA6D2F-DEEC-4B4F-BF7D-DE079DA83C2D}.Debug|Any CPU.ActiveCfg = Debug|Any CPU
		{E4EA6D2F-DEEC-4B4F-BF7D-DE079DA83C2D}.Debug|Any CPU.Build.0 = Debug|Any CPU
		{E4EA6D2F-DEEC-4B4F-BF7D-DE079DA83C2D}.Release|Any CPU.ActiveCfg = Release|Any CPU
		{E4EA6D2F-DEEC-4B4F-BF7D-DE079DA83C2D}.Release|Any CPU.Build.0 = Release|Any CPU
		{87379999-5970-474E-9F74-06319DA5856E}.Debug|Any CPU.ActiveCfg = Debug|Any CPU
		{87379999-5970-474E-9F74-06319DA5856E}.Debug|Any CPU.Build.0 = Debug|Any CPU
		{87379999-5970-474E-9F74-06319DA5856E}.Release|Any CPU.ActiveCfg = Release|Any CPU
		{87379999-5970-474E-9F74-06319DA5856E}.Release|Any CPU.Build.0 = Release|Any CPU
		{E1A57072-D6EB-4864-B639-982246E1118D}.Debug|Any CPU.ActiveCfg = Debug|Any CPU
		{E1A57072-D6EB-4864-B639-982246E1118D}.Debug|Any CPU.Build.0 = Debug|Any CPU
		{E1A57072-D6EB-4864-B639-982246E1118D}.Release|Any CPU.ActiveCfg = Release|Any CPU
		{E1A57072-D6EB-4864-B639-982246E1118D}.Release|Any CPU.Build.0 = Release|Any CPU
		{D34854C2-19B8-4BDF-8388-77B557FB8CF9}.Debug|Any CPU.ActiveCfg = Debug|Any CPU
		{D34854C2-19B8-4BDF-8388-77B557FB8CF9}.Debug|Any CPU.Build.0 = Debug|Any CPU
		{D34854C2-19B8-4BDF-8388-77B557FB8CF9}.Release|Any CPU.ActiveCfg = Release|Any CPU
		{D34854C2-19B8-4BDF-8388-77B557FB8CF9}.Release|Any CPU.Build.0 = Release|Any CPU
		{CF2D19B5-739D-450D-A23E-6B1E4A0DD065}.Debug|Any CPU.ActiveCfg = Debug|Any CPU
		{CF2D19B5-739D-450D-A23E-6B1E4A0DD065}.Debug|Any CPU.Build.0 = Debug|Any CPU
		{CF2D19B5-739D-450D-A23E-6B1E4A0DD065}.Release|Any CPU.ActiveCfg = Release|Any CPU
		{CF2D19B5-739D-450D-A23E-6B1E4A0DD065}.Release|Any CPU.Build.0 = Release|Any CPU
		{A16AD8F8-E513-409E-AFBB-037140208989}.Debug|Any CPU.ActiveCfg = Debug|Any CPU
		{A16AD8F8-E513-409E-AFBB-037140208989}.Debug|Any CPU.Build.0 = Debug|Any CPU
		{A16AD8F8-E513-409E-AFBB-037140208989}.Release|Any CPU.ActiveCfg = Release|Any CPU
		{A16AD8F8-E513-409E-AFBB-037140208989}.Release|Any CPU.Build.0 = Release|Any CPU
		{0E635ADC-CEF0-4728-95FF-FBC70441F9FA}.Debug|Any CPU.ActiveCfg = Debug|Any CPU
		{0E635ADC-CEF0-4728-95FF-FBC70441F9FA}.Debug|Any CPU.Build.0 = Debug|Any CPU
		{0E635ADC-CEF0-4728-95FF-FBC70441F9FA}.Release|Any CPU.ActiveCfg = Release|Any CPU
		{0E635ADC-CEF0-4728-95FF-FBC70441F9FA}.Release|Any CPU.Build.0 = Release|Any CPU
		{56C39398-B178-403F-BCA0-887D92BE7527}.Debug|Any CPU.ActiveCfg = Debug|Any CPU
		{56C39398-B178-403F-BCA0-887D92BE7527}.Debug|Any CPU.Build.0 = Debug|Any CPU
		{56C39398-B178-403F-BCA0-887D92BE7527}.Release|Any CPU.ActiveCfg = Release|Any CPU
		{56C39398-B178-403F-BCA0-887D92BE7527}.Release|Any CPU.Build.0 = Release|Any CPU
		{E9A8AF82-1F6F-4B9B-A8FF-64AD3FF680E9}.Debug|Any CPU.ActiveCfg = Debug|Any CPU
		{E9A8AF82-1F6F-4B9B-A8FF-64AD3FF680E9}.Debug|Any CPU.Build.0 = Debug|Any CPU
		{E9A8AF82-1F6F-4B9B-A8FF-64AD3FF680E9}.Release|Any CPU.ActiveCfg = Release|Any CPU
		{E9A8AF82-1F6F-4B9B-A8FF-64AD3FF680E9}.Release|Any CPU.Build.0 = Release|Any CPU
		{AEE1751A-02F6-4517-BCEB-9B1ADE04285E}.Debug|Any CPU.ActiveCfg = Debug|Any CPU
		{AEE1751A-02F6-4517-BCEB-9B1ADE04285E}.Debug|Any CPU.Build.0 = Debug|Any CPU
		{AEE1751A-02F6-4517-BCEB-9B1ADE04285E}.Release|Any CPU.ActiveCfg = Release|Any CPU
		{AEE1751A-02F6-4517-BCEB-9B1ADE04285E}.Release|Any CPU.Build.0 = Release|Any CPU
		{C45DCBC1-872B-4431-B84F-C184EF38F42A}.Debug|Any CPU.ActiveCfg = Debug|Any CPU
		{C45DCBC1-872B-4431-B84F-C184EF38F42A}.Debug|Any CPU.Build.0 = Debug|Any CPU
		{C45DCBC1-872B-4431-B84F-C184EF38F42A}.Release|Any CPU.ActiveCfg = Release|Any CPU
		{C45DCBC1-872B-4431-B84F-C184EF38F42A}.Release|Any CPU.Build.0 = Release|Any CPU
		{26478108-D498-46AB-A435-F55B71ADF260}.Debug|Any CPU.ActiveCfg = Debug|Any CPU
		{26478108-D498-46AB-A435-F55B71ADF260}.Debug|Any CPU.Build.0 = Debug|Any CPU
		{26478108-D498-46AB-A435-F55B71ADF260}.Release|Any CPU.ActiveCfg = Release|Any CPU
		{26478108-D498-46AB-A435-F55B71ADF260}.Release|Any CPU.Build.0 = Release|Any CPU
		{5D7672C7-7D61-455B-A5A5-E62453D95BAE}.Debug|Any CPU.ActiveCfg = Debug|Any CPU
		{5D7672C7-7D61-455B-A5A5-E62453D95BAE}.Debug|Any CPU.Build.0 = Debug|Any CPU
		{5D7672C7-7D61-455B-A5A5-E62453D95BAE}.Release|Any CPU.ActiveCfg = Release|Any CPU
		{5D7672C7-7D61-455B-A5A5-E62453D95BAE}.Release|Any CPU.Build.0 = Release|Any CPU
		{3557129A-FACE-40B8-9847-64E46E1F9BCC}.Debug|Any CPU.ActiveCfg = Debug|Any CPU
		{3557129A-FACE-40B8-9847-64E46E1F9BCC}.Debug|Any CPU.Build.0 = Debug|Any CPU
		{3557129A-FACE-40B8-9847-64E46E1F9BCC}.Release|Any CPU.ActiveCfg = Release|Any CPU
		{3557129A-FACE-40B8-9847-64E46E1F9BCC}.Release|Any CPU.Build.0 = Release|Any CPU
		{238BF793-5894-44EC-93EB-4CA2DCC8A0B2}.Debug|Any CPU.ActiveCfg = Debug|Any CPU
		{238BF793-5894-44EC-93EB-4CA2DCC8A0B2}.Debug|Any CPU.Build.0 = Debug|Any CPU
		{238BF793-5894-44EC-93EB-4CA2DCC8A0B2}.Release|Any CPU.ActiveCfg = Release|Any CPU
		{238BF793-5894-44EC-93EB-4CA2DCC8A0B2}.Release|Any CPU.Build.0 = Release|Any CPU
		{FD802844-056E-4689-93AF-62A3F623501B}.Debug|Any CPU.ActiveCfg = Debug|Any CPU
		{FD802844-056E-4689-93AF-62A3F623501B}.Debug|Any CPU.Build.0 = Debug|Any CPU
		{FD802844-056E-4689-93AF-62A3F623501B}.Release|Any CPU.ActiveCfg = Release|Any CPU
		{FD802844-056E-4689-93AF-62A3F623501B}.Release|Any CPU.Build.0 = Release|Any CPU
		{D376FDF2-7031-402A-8CE3-76548A78DA87}.Debug|Any CPU.ActiveCfg = Debug|Any CPU
		{D376FDF2-7031-402A-8CE3-76548A78DA87}.Debug|Any CPU.Build.0 = Debug|Any CPU
		{D376FDF2-7031-402A-8CE3-76548A78DA87}.Release|Any CPU.ActiveCfg = Release|Any CPU
		{D376FDF2-7031-402A-8CE3-76548A78DA87}.Release|Any CPU.Build.0 = Release|Any CPU
	EndGlobalSection
	GlobalSection(SolutionProperties) = preSolution
		HideSolutionNode = FALSE
	EndGlobalSection
	GlobalSection(ExtensibilityGlobals) = postSolution
		SolutionGuid = {39EF6236-3E6E-417E-88C9-171A547C249D}
	EndGlobalSection
EndGlobal
